
Microsoft Visual Studio Solution File, Format Version 12.00
# Visual Studio Version 16
VisualStudioVersion = 16.0.29728.190
MinimumVisualStudioVersion = 10.0.40219.1
Project("{FAE04EC0-301F-11D3-BF4B-00C04F79EFBC}") = "Clase2", "Clase2\Clase2.csproj", "{1A3B1FF0-107E-449A-8FA0-D3EC3A0B86F3}"
EndProject
Global
	GlobalSection(SolutionConfigurationPlatforms) = preSolution
		Debug|Any CPU = Debug|Any CPU
		Release|Any CPU = Release|Any CPU
	EndGlobalSection
	GlobalSection(ProjectConfigurationPlatforms) = postSolution
		{1A3B1FF0-107E-449A-8FA0-D3EC3A0B86F3}.Debug|Any CPU.ActiveCfg = Debug|Any CPU
		{1A3B1FF0-107E-449A-8FA0-D3EC3A0B86F3}.Debug|Any CPU.Build.0 = Debug|Any CPU
		{1A3B1FF0-107E-449A-8FA0-D3EC3A0B86F3}.Release|Any CPU.ActiveCfg = Release|Any CPU
		{1A3B1FF0-107E-449A-8FA0-D3EC3A0B86F3}.Release|Any CPU.Build.0 = Release|Any CPU
	EndGlobalSection
	GlobalSection(SolutionProperties) = preSolution
		HideSolutionNode = FALSE
	EndGlobalSection
	GlobalSection(ExtensibilityGlobals) = postSolution
		SolutionGuid = {A4DF5B4D-C9B4-4E7D-88E4-3FEF6055D2B4}
	EndGlobalSection
EndGlobal
